
Microsoft Visual Studio Solution File, Format Version 12.00
# Visual Studio Version 16
VisualStudioVersion = 16.0.31729.503
MinimumVisualStudioVersion = 10.0.40219.1
Project("{FAE04EC0-301F-11D3-BF4B-00C04F79EFBC}") = "CounterLogger", "CounterLogger.csproj", "{DBF1A08C-BAD6-4107-8BC6-23DE7A0D3005}"
EndProject
Global
	GlobalSection(SolutionConfigurationPlatforms) = preSolution
		Debug|Any CPU = Debug|Any CPU
		Release|Any CPU = Release|Any CPU
	EndGlobalSection
	GlobalSection(ProjectConfigurationPlatforms) = postSolution
		{DBF1A08C-BAD6-4107-8BC6-23DE7A0D3005}.Debug|Any CPU.ActiveCfg = Debug|Any CPU
		{DBF1A08C-BAD6-4107-8BC6-23DE7A0D3005}.Debug|Any CPU.Build.0 = Debug|Any CPU
		{DBF1A08C-BAD6-4107-8BC6-23DE7A0D3005}.Release|Any CPU.ActiveCfg = Release|Any CPU
		{DBF1A08C-BAD6-4107-8BC6-23DE7A0D3005}.Release|Any CPU.Build.0 = Release|Any CPU
	EndGlobalSection
	GlobalSection(SolutionProperties) = preSolution
		HideSolutionNode = FALSE
	EndGlobalSection
	GlobalSection(ExtensibilityGlobals) = postSolution
		SolutionGuid = {46C46EDA-D591-4D94-BAF9-A5181A4122BB}
	EndGlobalSection
EndGlobal
